
Microsoft Visual Studio Solution File, Format Version 12.00
# Visual Studio Version 17
VisualStudioVersion = 17.5.002.0
MinimumVisualStudioVersion = 10.0.40219.1
Project("{9A19103F-16F7-4668-BE54-9A1E7A4F7556}") = "DesafioNaipe", "DesafioNaipe.csproj", "{F42CF5ED-A727-4AA8-99A3-C18400E17AC0}"
EndProject
Global
	GlobalSection(SolutionConfigurationPlatforms) = preSolution
		Debug|Any CPU = Debug|Any CPU
		Release|Any CPU = Release|Any CPU
	EndGlobalSection
	GlobalSection(ProjectConfigurationPlatforms) = postSolution
		{F42CF5ED-A727-4AA8-99A3-C18400E17AC0}.Debug|Any CPU.ActiveCfg = Debug|Any CPU
		{F42CF5ED-A727-4AA8-99A3-C18400E17AC0}.Debug|Any CPU.Build.0 = Debug|Any CPU
		{F42CF5ED-A727-4AA8-99A3-C18400E17AC0}.Release|Any CPU.ActiveCfg = Release|Any CPU
		{F42CF5ED-A727-4AA8-99A3-C18400E17AC0}.Release|Any CPU.Build.0 = Release|Any CPU
	EndGlobalSection
	GlobalSection(SolutionProperties) = preSolution
		HideSolutionNode = FALSE
	EndGlobalSection
	GlobalSection(ExtensibilityGlobals) = postSolution
		SolutionGuid = {0C88973D-C76D-4B99-A5DC-035E5379972D}
	EndGlobalSection
EndGlobal
